// !$*UTF8*$!
{
	archiveVersion = 1;
	classes = {
	};
	objectVersion = 56;
	objects = {

/* Begin PBXBuildFile section */
		AC6458AF28E09AD90043ED9E /* AppDelegate.swift in Sources */ = {isa = PBXBuildFile; fileRef = AC6458AE28E09AD90043ED9E /* AppDelegate.swift */; };
		AC6458B128E09AD90043ED9E /* SceneDelegate.swift in Sources */ = {isa = PBXBuildFile; fileRef = AC6458B028E09AD90043ED9E /* SceneDelegate.swift */; };
		AC6458B328E09AD90043ED9E /* SettingsViewController.swift in Sources */ = {isa = PBXBuildFile; fileRef = AC6458B228E09AD90043ED9E /* SettingsViewController.swift */; };
		AC6458B628E09AD90043ED9E /* Main.storyboard in Resources */ = {isa = PBXBuildFile; fileRef = AC6458B428E09AD90043ED9E /* Main.storyboard */; };
		AC6458B828E09ADB0043ED9E /* Assets.xcassets in Resources */ = {isa = PBXBuildFile; fileRef = AC6458B728E09ADB0043ED9E /* Assets.xcassets */; };
		AC6458BB28E09ADB0043ED9E /* LaunchScreen.storyboard in Resources */ = {isa = PBXBuildFile; fileRef = AC6458B928E09ADB0043ED9E /* LaunchScreen.storyboard */; };
		AC9359B328F709B6009C05F2 /* MainViewController.swift in Sources */ = {isa = PBXBuildFile; fileRef = AC9359B228F709B6009C05F2 /* MainViewController.swift */; };
/* End PBXBuildFile section */

/* Begin PBXFileReference section */
		AC6458AB28E09AD90043ED9E /* swiftbook_2_4.app */ = {isa = PBXFileReference; explicitFileType = wrapper.application; includeInIndex = 0; path = swiftbook_2_4.app; sourceTree = BUILT_PRODUCTS_DIR; };
		AC6458AE28E09AD90043ED9E /* AppDelegate.swift */ = {isa = PBXFileReference; lastKnownFileType = sourcecode.swift; path = AppDelegate.swift; sourceTree = "<group>"; };
		AC6458B028E09AD90043ED9E /* SceneDelegate.swift */ = {isa = PBXFileReference; lastKnownFileType = sourcecode.swift; path = SceneDelegate.swift; sourceTree = "<group>"; };
		AC6458B228E09AD90043ED9E /* SettingsViewController.swift */ = {isa = PBXFileReference; lastKnownFileType = sourcecode.swift; path = SettingsViewController.swift; sourceTree = "<group>"; };
		AC6458B528E09AD90043ED9E /* Base */ = {isa = PBXFileReference; lastKnownFileType = file.storyboard; name = Base; path = Base.lproj/Main.storyboard; sourceTree = "<group>"; };
		AC6458B728E09ADB0043ED9E /* Assets.xcassets */ = {isa = PBXFileReference; lastKnownFileType = folder.assetcatalog; path = Assets.xcassets; sourceTree = "<group>"; };
		AC6458BA28E09ADB0043ED9E /* Base */ = {isa = PBXFileReference; lastKnownFileType = file.storyboard; name = Base; path = Base.lproj/LaunchScreen.storyboard; sourceTree = "<group>"; };
		AC6458BC28E09ADB0043ED9E /* Info.plist */ = {isa = PBXFileReference; lastKnownFileType = text.plist.xml; path = Info.plist; sourceTree = "<group>"; };
		AC9359B228F709B6009C05F2 /* MainViewController.swift */ = {isa = PBXFileReference; lastKnownFileType = sourcecode.swift; path = MainViewController.swift; sourceTree = "<group>"; };
/* End PBXFileReference section */

/* Begin PBXFrameworksBuildPhase section */
		AC6458A828E09AD90043ED9E /* Frameworks */ = {
			isa = PBXFrameworksBuildPhase;
			buildActionMask = 2147483647;
			files = (
			);
			runOnlyForDeploymentPostprocessing = 0;
		};
/* End PBXFrameworksBuildPhase section */

/* Begin PBXGroup section */
		AC6458A228E09AD90043ED9E = {
			isa = PBXGroup;
			children = (
				AC6458AD28E09AD90043ED9E /* swiftbook_2_4 */,
				AC6458AC28E09AD90043ED9E /* Products */,
			);
			sourceTree = "<group>";
		};
		AC6458AC28E09AD90043ED9E /* Products */ = {
			isa = PBXGroup;
			children = (
				AC6458AB28E09AD90043ED9E /* swiftbook_2_4.app */,
			);
			name = Products;
			sourceTree = "<group>";
		};
		AC6458AD28E09AD90043ED9E /* swiftbook_2_4 */ = {
			isa = PBXGroup;
			children = (
				AC9359B428F737DE009C05F2 /* App */,
				AC9359B528F737E5009C05F2 /* ViewControllers */,
				AC9359B628F737F1009C05F2 /* Storyboards */,
				AC6458B728E09ADB0043ED9E /* Assets.xcassets */,
			);
			path = swiftbook_2_4;
			sourceTree = "<group>";
		};
		AC9359B428F737DE009C05F2 /* App */ = {
			isa = PBXGroup;
			children = (
				AC6458AE28E09AD90043ED9E /* AppDelegate.swift */,
				AC6458B028E09AD90043ED9E /* SceneDelegate.swift */,
				AC6458BC28E09ADB0043ED9E /* Info.plist */,
			);
			path = App;
			sourceTree = "<group>";
		};
		AC9359B528F737E5009C05F2 /* ViewControllers */ = {
			isa = PBXGroup;
			children = (
				AC6458B228E09AD90043ED9E /* SettingsViewController.swift */,
				AC9359B228F709B6009C05F2 /* MainViewController.swift */,
			);
			path = ViewControllers;
			sourceTree = "<group>";
		};
		AC9359B628F737F1009C05F2 /* Storyboards */ = {
			isa = PBXGroup;
			children = (
				AC6458B428E09AD90043ED9E /* Main.storyboard */,
				AC6458B928E09ADB0043ED9E /* LaunchScreen.storyboard */,
			);
			path = Storyboards;
			sourceTree = "<group>";
		};
/* End PBXGroup section */

/* Begin PBXNativeTarget section */
		AC6458AA28E09AD90043ED9E /* swiftbook_2_4 */ = {
			isa = PBXNativeTarget;
			buildConfigurationList = AC6458BF28E09ADB0043ED9E /* Build configuration list for PBXNativeTarget "swiftbook_2_4" */;
			buildPhases = (
				AC6458A728E09AD90043ED9E /* Sources */,
				AC6458A828E09AD90043ED9E /* Frameworks */,
				AC6458A928E09AD90043ED9E /* Resources */,
			);
			buildRules = (
			);
			dependencies = (
			);
			name = swiftbook_2_4;
			productName = swiftbook_2_4;
			productReference = AC6458AB28E09AD90043ED9E /* swiftbook_2_4.app */;
			productType = "com.apple.product-type.application";
		};
/* End PBXNativeTarget section */

/* Begin PBXProject section */
		AC6458A328E09AD90043ED9E /* Project object */ = {
			isa = PBXProject;
			attributes = {
				BuildIndependentTargetsInParallel = 1;
				LastSwiftUpdateCheck = 1400;
				LastUpgradeCheck = 1400;
				TargetAttributes = {
					AC6458AA28E09AD90043ED9E = {
						CreatedOnToolsVersion = 14.0;
					};
				};
			};
			buildConfigurationList = AC6458A628E09AD90043ED9E /* Build configuration list for PBXProject "swiftbook_2_4" */;
			compatibilityVersion = "Xcode 14.0";
			developmentRegion = en;
			hasScannedForEncodings = 0;
			knownRegions = (
				en,
				Base,
			);
			mainGroup = AC6458A228E09AD90043ED9E;
			productRefGroup = AC6458AC28E09AD90043ED9E /* Products */;
			projectDirPath = "";
			projectRoot = "";
			targets = (
				AC6458AA28E09AD90043ED9E /* swiftbook_2_4 */,
			);
		};
/* End PBXProject section */

/* Begin PBXResourcesBuildPhase section */
		AC6458A928E09AD90043ED9E /* Resources */ = {
			isa = PBXResourcesBuildPhase;
			buildActionMask = 2147483647;
			files = (
				AC6458BB28E09ADB0043ED9E /* LaunchScreen.storyboard in Resources */,
				AC6458B828E09ADB0043ED9E /* Assets.xcassets in Resources */,
				AC6458B628E09AD90043ED9E /* Main.storyboard in Resources */,
			);
			runOnlyForDeploymentPostprocessing = 0;
		};
/* End PBXResourcesBuildPhase section */

/* Begin PBXSourcesBuildPhase section */
		AC6458A728E09AD90043ED9E /* Sources */ = {
			isa = PBXSourcesBuildPhase;
			buildActionMask = 2147483647;
			files = (
				AC6458B328E09AD90043ED9E /* SettingsViewController.swift in Sources */,
				AC6458AF28E09AD90043ED9E /* AppDelegate.swift in Sources */,
				AC6458B128E09AD90043ED9E /* SceneDelegate.swift in Sources */,
				AC9359B328F709B6009C05F2 /* MainViewController.swift in Sources */,
			);
			runOnlyForDeploymentPostprocessing = 0;
		};
/* End PBXSourcesBuildPhase section */

/* Begin PBXVariantGroup section */
		AC6458B428E09AD90043ED9E /* Main.storyboard */ = {
			isa = PBXVariantGroup;
			children = (
				AC6458B528E09AD90043ED9E /* Base */,
			);
			name = Main.storyboard;
			sourceTree = "<group>";
		};
		AC6458B928E09ADB0043ED9E /* LaunchScreen.storyboard */ = {
			isa = PBXVariantGroup;
			children = (
				AC6458BA28E09ADB0043ED9E /* Base */,
			);
			name = LaunchScreen.storyboard;
			sourceTree = "<group>";
		};
/* End PBXVariantGroup section */

/* Begin XCBuildConfiguration section */
		AC6458BD28E09ADB0043ED9E /* Debug */ = {
			isa = XCBuildConfiguration;
			buildSettings = {
				ALWAYS_SEARCH_USER_PATHS = NO;
				CLANG_ANALYZER_NONNULL = YES;
				CLANG_ANALYZER_NUMBER_OBJECT_CONVERSION = YES_AGGRESSIVE;
				CLANG_CXX_LANGUAGE_STANDARD = "gnu++20";
				CLANG_ENABLE_MODULES = YES;
				CLANG_ENABLE_OBJC_ARC = YES;
				CLANG_ENABLE_OBJC_WEAK = YES;
				CLANG_WARN_BLOCK_CAPTURE_AUTORELEASING = YES;
				CLANG_WARN_BOOL_CONVERSION = YES;
				CLANG_WARN_COMMA = YES;
				CLANG_WARN_CONSTANT_CONVERSION = YES;
				CLANG_WARN_DEPRECATED_OBJC_IMPLEMENTATIONS = YES;
				CLANG_WARN_DIRECT_OBJC_ISA_USAGE = YES_ERROR;
				CLANG_WARN_DOCUMENTATION_COMMENTS = YES;
				CLANG_WARN_EMPTY_BODY = YES;
				CLANG_WARN_ENUM_CONVERSION = YES;
				CLANG_WARN_INFINITE_RECURSION = YES;
				CLANG_WARN_INT_CONVERSION = YES;
				CLANG_WARN_NON_LITERAL_NULL_CONVERSION = YES;
				CLANG_WARN_OBJC_IMPLICIT_RETAIN_SELF = YES;
				CLANG_WARN_OBJC_LITERAL_CONVERSION = YES;
				CLANG_WARN_OBJC_ROOT_CLASS = YES_ERROR;
				CLANG_WARN_QUOTED_INCLUDE_IN_FRAMEWORK_HEADER = YES;
				CLANG_WARN_RANGE_LOOP_ANALYSIS = YES;
				CLANG_WARN_STRICT_PROTOTYPES = YES;
				CLANG_WARN_SUSPICIOUS_MOVE = YES;
				CLANG_WARN_UNGUARDED_AVAILABILITY = YES_AGGRESSIVE;
				CLANG_WARN_UNREACHABLE_CODE = YES;
				CLANG_WARN__DUPLICATE_METHOD_MATCH = YES;
				COPY_PHASE_STRIP = NO;
				DEBUG_INFORMATION_FORMAT = dwarf;
				ENABLE_STRICT_OBJC_MSGSEND = YES;
				ENABLE_TESTABILITY = YES;
				GCC_C_LANGUAGE_STANDARD = gnu11;
				GCC_DYNAMIC_NO_PIC = NO;
				GCC_NO_COMMON_BLOCKS = YES;
				GCC_OPTIMIZATION_LEVEL = 0;
				GCC_PREPROCESSOR_DEFINITIONS = (
					"DEBUG=1",
					"$(inherited)",
				);
				GCC_WARN_64_TO_32_BIT_CONVERSION = YES;
				GCC_WARN_ABOUT_RETURN_TYPE = YES_ERROR;
				GCC_WARN_UNDECLARED_SELECTOR = YES;
				GCC_WARN_UNINITIALIZED_AUTOS = YES_AGGRESSIVE;
				GCC_WARN_UNUSED_FUNCTION = YES;
				GCC_WARN_UNUSED_VARIABLE = YES;
				IPHONEOS_DEPLOYMENT_TARGET = 16.0;
				MTL_ENABLE_DEBUG_INFO = INCLUDE_SOURCE;
				MTL_FAST_MATH = YES;
				ONLY_ACTIVE_ARCH = YES;
				SDKROOT = iphoneos;
				SWIFT_ACTIVE_COMPILATION_CONDITIONS = DEBUG;
				SWIFT_OPTIMIZATION_LEVEL = "-Onone";
			};
			name = Debug;
		};
		AC6458BE28E09ADB0043ED9E /* Release */ = {
			isa = XCBuildConfiguration;
			buildSettings = {
				ALWAYS_SEARCH_USER_PATHS = NO;
				CLANG_ANALYZER_NONNULL = YES;
				CLANG_ANALYZER_NUMBER_OBJECT_CONVERSION = YES_AGGRESSIVE;
				CLANG_CXX_LANGUAGE_STANDARD = "gnu++20";
				CLANG_ENABLE_MODULES = YES;
				CLANG_ENABLE_OBJC_ARC = YES;
				CLANG_ENABLE_OBJC_WEAK = YES;
				CLANG_WARN_BLOCK_CAPTURE_AUTORELEASING = YES;
				CLANG_WARN_BOOL_CONVERSION = YES;
				CLANG_WARN_COMMA = YES;
				CLANG_WARN_CONSTANT_CONVERSION = YES;
				CLANG_WARN_DEPRECATED_OBJC_IMPLEMENTATIONS = YES;
				CLANG_WARN_DIRECT_OBJC_ISA_USAGE = YES_ERROR;
				CLANG_WARN_DOCUMENTATION_COMMENTS = YES;
				CLANG_WARN_EMPTY_BODY = YES;
				CLANG_WARN_ENUM_CONVERSION = YES;
				CLANG_WARN_INFINITE_RECURSION = YES;
				CLANG_WARN_INT_CONVERSION = YES;
				CLANG_WARN_NON_LITERAL_NULL_CONVERSION = YES;
				CLANG_WARN_OBJC_IMPLICIT_RETAIN_SELF = YES;
				CLANG_WARN_OBJC_LITERAL_CONVERSION = YES;
				CLANG_WARN_OBJC_ROOT_CLASS = YES_ERROR;
				CLANG_WARN_QUOTED_INCLUDE_IN_FRAMEWORK_HEADER = YES;
				CLANG_WARN_RANGE_LOOP_ANALYSIS = YES;
				CLANG_WARN_STRICT_PROTOTYPES = YES;
				CLANG_WARN_SUSPICIOUS_MOVE = YES;
				CLANG_WARN_UNGUARDED_AVAILABILITY = YES_AGGRESSIVE;
				CLANG_WARN_UNREACHABLE_CODE = YES;
				CLANG_WARN__DUPLICATE_METHOD_MATCH = YES;
				COPY_PHASE_STRIP = NO;
				DEBUG_INFORMATION_FORMAT = "dwarf-with-dsym";
				ENABLE_NS_ASSERTIONS = NO;
				ENABLE_STRICT_OBJC_MSGSEND = YES;
				GCC_C_LANGUAGE_STANDARD = gnu11;
				GCC_NO_COMMON_BLOCKS = YES;
				GCC_WARN_64_TO_32_BIT_CONVERSION = YES;
				GCC_WARN_ABOUT_RETURN_TYPE = YES_ERROR;
				GCC_WARN_UNDECLARED_SELECTOR = YES;
				GCC_WARN_UNINITIALIZED_AUTOS = YES_AGGRESSIVE;
				GCC_WARN_UNUSED_FUNCTION = YES;
				GCC_WARN_UNUSED_VARIABLE = YES;
				IPHONEOS_DEPLOYMENT_TARGET = 16.0;
				MTL_ENABLE_DEBUG_INFO = NO;
				MTL_FAST_MATH = YES;
				SDKROOT = iphoneos;
				SWIFT_COMPILATION_MODE = wholemodule;
				SWIFT_OPTIMIZATION_LEVEL = "-O";
				VALIDATE_PRODUCT = YES;
			};
			name = Release;
		};
		AC6458C028E09ADB0043ED9E /* Debug */ = {
			isa = XCBuildConfiguration;
			buildSettings = {
				ASSETCATALOG_COMPILER_APPICON_NAME = AppIcon;
				ASSETCATALOG_COMPILER_GLOBAL_ACCENT_COLOR_NAME = AccentColor;
				CODE_SIGN_STYLE = Automatic;
				CURRENT_PROJECT_VERSION = 1;
				DEVELOPMENT_TEAM = S8M54JQ35A;
				GENERATE_INFOPLIST_FILE = YES;
				INFOPLIST_FILE = swiftbook_2_4/App/Info.plist;
				INFOPLIST_KEY_UIApplicationSupportsIndirectInputEvents = YES;
				INFOPLIST_KEY_UILaunchStoryboardName = LaunchScreen;
				INFOPLIST_KEY_UIMainStoryboardFile = Main;
				INFOPLIST_KEY_UISupportedInterfaceOrientations = UIInterfaceOrientationPortrait;
				INFOPLIST_KEY_UISupportedInterfaceOrientations_iPad = "UIInterfaceOrientationLandscapeLeft UIInterfaceOrientationLandscapeRight UIInterfaceOrientationPortrait UIInterfaceOrientationPortraitUpsideDown";
				IPHONEOS_DEPLOYMENT_TARGET = 15.0;
				LD_RUNPATH_SEARCH_PATHS = (
					"$(inherited)",
					"@executable_path/Frameworks",
				);
				MARKETING_VERSION = 1.0;
				PRODUCT_BUNDLE_IDENTIFIER = "com.dobrets.swiftbook-2-4";
				PRODUCT_NAME = "$(TARGET_NAME)";
				SUPPORTED_PLATFORMS = "iphoneos iphonesimulator";
				SUPPORTS_MACCATALYST = NO;
				SUPPORTS_MAC_DESIGNED_FOR_IPHONE_IPAD = NO;
				SWIFT_EMIT_LOC_STRINGS = YES;
				SWIFT_VERSION = 5.0;
				TARGETED_DEVICE_FAMILY = 1;
			};
			name = Debug;
		};
		AC6458C128E09ADB0043ED9E /* Release */ = {
			isa = XCBuildConfiguration;
			buildSettings = {
				ASSETCATALOG_COMPILER_APPICON_NAME = AppIcon;
				ASSETCATALOG_COMPILER_GLOBAL_ACCENT_COLOR_NAME = AccentColor;
				CODE_SIGN_STYLE = Automatic;
				CURRENT_PROJECT_VERSION = 1;
				DEVELOPMENT_TEAM = S8M54JQ35A;
				GENERATE_INFOPLIST_FILE = YES;
				INFOPLIST_FILE = swiftbook_2_4/App/Info.plist;
				INFOPLIST_KEY_UIApplicationSupportsIndirectInputEvents = YES;
				INFOPLIST_KEY_UILaunchStoryboardName = LaunchScreen;
				INFOPLIST_KEY_UIMainStoryboardFile = Main;
				INFOPLIST_KEY_UISupportedInterfaceOrientations = UIInterfaceOrientationPortrait;
				INFOPLIST_KEY_UISupportedInterfaceOrientations_iPad = "UIInterfaceOrientationLandscapeLeft UIInterfaceOrientationLandscapeRight UIInterfaceOrientationPortrait UIInterfaceOrientationPortraitUpsideDown";
				IPHONEOS_DEPLOYMENT_TARGET = 15.0;
				LD_RUNPATH_SEARCH_PATHS = (
					"$(inherited)",
					"@executable_path/Frameworks",
				);
				MARKETING_VERSION = 1.0;
				PRODUCT_BUNDLE_IDENTIFIER = "com.dobrets.swiftbook-2-4";
				PRODUCT_NAME = "$(TARGET_NAME)";
				SUPPORTED_PLATFORMS = "iphoneos iphonesimulator";
				SUPPORTS_MACCATALYST = NO;
				SUPPORTS_MAC_DESIGNED_FOR_IPHONE_IPAD = NO;
				SWIFT_EMIT_LOC_STRINGS = YES;
				SWIFT_VERSION = 5.0;
				TARGETED_DEVICE_FAMILY = 1;
			};
			name = Release;
		};
/* End XCBuildConfiguration section */

/* Begin XCConfigurationList section */
		AC6458A628E09AD90043ED9E /* Build configuration list for PBXProject "swiftbook_2_4" */ = {
			isa = XCConfigurationList;
			buildConfigurations = (
				AC6458BD28E09ADB0043ED9E /* Debug */,
				AC6458BE28E09ADB0043ED9E /* Release */,
			);
			defaultConfigurationIsVisible = 0;
			defaultConfigurationName = Release;
		};
		AC6458BF28E09ADB0043ED9E /* Build configuration list for PBXNativeTarget "swiftbook_2_4" */ = {
			isa = XCConfigurationList;
			buildConfigurations = (
				AC6458C028E09ADB0043ED9E /* Debug */,
				AC6458C128E09ADB0043ED9E /* Release */,
			);
			defaultConfigurationIsVisible = 0;
			defaultConfigurationName = Release;
		};
/* End XCConfigurationList section */
	};
	rootObject = AC6458A328E09AD90043ED9E /* Project object */;
}
